
Microsoft Visual Studio Solution File, Format Version 12.00
# Visual Studio Version 17
VisualStudioVersion = 17.0.31903.59
MinimumVisualStudioVersion = 10.0.40219.1
Project("{2150E333-8FDC-42A3-9474-1A3956D46DE8}") = "src", "src", "{827E0CD3-B72D-47B6-A68D-7590B98EB39B}"
EndProject
Project("{FAE04EC0-301F-11D3-BF4B-00C04F79EFBC}") = "Vostra.Results", "src\Vostra.Results\Vostra.Results.csproj", "{F211E7EC-BE57-4A7D-B4A5-915E68E956B6}"
EndProject
Project("{2150E333-8FDC-42A3-9474-1A3956D46DE8}") = "tests", "tests", "{0AB3BF05-4346-4AA6-1389-037BE0695223}"
EndProject
Project("{FAE04EC0-301F-11D3-BF4B-00C04F79EFBC}") = "Vostra.Results.Tests", "tests\Vostra.Results.Tests\Vostra.Results.Tests.csproj", "{2802806F-3E60-4F75-8583-733BC3C29D54}"
EndProject
Global
	GlobalSection(SolutionConfigurationPlatforms) = preSolution
		Debug|Any CPU = Debug|Any CPU
		Debug|x64 = Debug|x64
		Debug|x86 = Debug|x86
		Release|Any CPU = Release|Any CPU
		Release|x64 = Release|x64
		Release|x86 = Release|x86
	EndGlobalSection
	GlobalSection(ProjectConfigurationPlatforms) = postSolution
		{F211E7EC-BE57-4A7D-B4A5-915E68E956B6}.Debug|Any CPU.ActiveCfg = Debug|Any CPU
		{F211E7EC-BE57-4A7D-B4A5-915E68E956B6}.Debug|Any CPU.Build.0 = Debug|Any CPU
		{F211E7EC-BE57-4A7D-B4A5-915E68E956B6}.Debug|x64.ActiveCfg = Debug|Any CPU
		{F211E7EC-BE57-4A7D-B4A5-915E68E956B6}.Debug|x64.Build.0 = Debug|Any CPU
		{F211E7EC-BE57-4A7D-B4A5-915E68E956B6}.Debug|x86.ActiveCfg = Debug|Any CPU
		{F211E7EC-BE57-4A7D-B4A5-915E68E956B6}.Debug|x86.Build.0 = Debug|Any CPU
		{F211E7EC-BE57-4A7D-B4A5-915E68E956B6}.Release|Any CPU.ActiveCfg = Release|Any CPU
		{F211E7EC-BE57-4A7D-B4A5-915E68E956B6}.Release|Any CPU.Build.0 = Release|Any CPU
		{F211E7EC-BE57-4A7D-B4A5-915E68E956B6}.Release|x64.ActiveCfg = Release|Any CPU
		{F211E7EC-BE57-4A7D-B4A5-915E68E956B6}.Release|x64.Build.0 = Release|Any CPU
		{F211E7EC-BE57-4A7D-B4A5-915E68E956B6}.Release|x86.ActiveCfg = Release|Any CPU
		{F211E7EC-BE57-4A7D-B4A5-915E68E956B6}.Release|x86.Build.0 = Release|Any CPU
		{2802806F-3E60-4F75-8583-733BC3C29D54}.Debug|Any CPU.ActiveCfg = Debug|Any CPU
		{2802806F-3E60-4F75-8583-733BC3C29D54}.Debug|Any CPU.Build.0 = Debug|Any CPU
		{2802806F-3E60-4F75-8583-733BC3C29D54}.Debug|x64.ActiveCfg = Debug|Any CPU
		{2802806F-3E60-4F75-8583-733BC3C29D54}.Debug|x64.Build.0 = Debug|Any CPU
		{2802806F-3E60-4F75-8583-733BC3C29D54}.Debug|x86.ActiveCfg = Debug|Any CPU
		{2802806F-3E60-4F75-8583-733BC3C29D54}.Debug|x86.Build.0 = Debug|Any CPU
		{2802806F-3E60-4F75-8583-733BC3C29D54}.Release|Any CPU.ActiveCfg = Release|Any CPU
		{2802806F-3E60-4F75-8583-733BC3C29D54}.Release|Any CPU.Build.0 = Release|Any CPU
		{2802806F-3E60-4F75-8583-733BC3C29D54}.Release|x64.ActiveCfg = Release|Any CPU
		{2802806F-3E60-4F75-8583-733BC3C29D54}.Release|x64.Build.0 = Release|Any CPU
		{2802806F-3E60-4F75-8583-733BC3C29D54}.Release|x86.ActiveCfg = Release|Any CPU
		{2802806F-3E60-4F75-8583-733BC3C29D54}.Release|x86.Build.0 = Release|Any CPU
	EndGlobalSection
	GlobalSection(SolutionProperties) = preSolution
		HideSolutionNode = FALSE
	EndGlobalSection
	GlobalSection(NestedProjects) = preSolution
		{F211E7EC-BE57-4A7D-B4A5-915E68E956B6} = {827E0CD3-B72D-47B6-A68D-7590B98EB39B}
		{2802806F-3E60-4F75-8583-733BC3C29D54} = {0AB3BF05-4346-4AA6-1389-037BE0695223}
	EndGlobalSection
EndGlobal
